
Microsoft Visual Studio Solution File, Format Version 12.00
# Visual Studio Version 17
VisualStudioVersion = 17.4.33110.190
MinimumVisualStudioVersion = 10.0.40219.1
Project("{FAE04EC0-301F-11D3-BF4B-00C04F79EFBC}") = "Day_Task", "Day_Task\Day_Task.csproj", "{C50B7984-403D-421D-9452-252E70C34ADD}"
EndProject
Global
	GlobalSection(SolutionConfigurationPlatforms) = preSolution
		Debug|Any CPU = Debug|Any CPU
		Release|Any CPU = Release|Any CPU
	EndGlobalSection
	GlobalSection(ProjectConfigurationPlatforms) = postSolution
		{C50B7984-403D-421D-9452-252E70C34ADD}.Debug|Any CPU.ActiveCfg = Debug|Any CPU
		{C50B7984-403D-421D-9452-252E70C34ADD}.Debug|Any CPU.Build.0 = Debug|Any CPU
		{C50B7984-403D-421D-9452-252E70C34ADD}.Release|Any CPU.ActiveCfg = Release|Any CPU
		{C50B7984-403D-421D-9452-252E70C34ADD}.Release|Any CPU.Build.0 = Release|Any CPU
	EndGlobalSection
	GlobalSection(SolutionProperties) = preSolution
		HideSolutionNode = FALSE
	EndGlobalSection
	GlobalSection(ExtensibilityGlobals) = postSolution
		SolutionGuid = {EA6AA77F-D291-4025-AA8B-00B265E39BAC}
	EndGlobalSection
EndGlobal
