
Microsoft Visual Studio Solution File, Format Version 12.00
# Visual Studio Version 17
VisualStudioVersion = 17.4.33122.133
MinimumVisualStudioVersion = 10.0.40219.1
Project("{FAE04EC0-301F-11D3-BF4B-00C04F79EFBC}") = "WebApplication3", "WebApplication3\WebApplication3.csproj", "{D1E16477-4ED6-4A83-A64B-993E2B4F20EE}"
EndProject
Global
	GlobalSection(SolutionConfigurationPlatforms) = preSolution
		Debug|Any CPU = Debug|Any CPU
		Release|Any CPU = Release|Any CPU
	EndGlobalSection
	GlobalSection(ProjectConfigurationPlatforms) = postSolution
		{D1E16477-4ED6-4A83-A64B-993E2B4F20EE}.Debug|Any CPU.ActiveCfg = Debug|Any CPU
		{D1E16477-4ED6-4A83-A64B-993E2B4F20EE}.Debug|Any CPU.Build.0 = Debug|Any CPU
		{D1E16477-4ED6-4A83-A64B-993E2B4F20EE}.Release|Any CPU.ActiveCfg = Release|Any CPU
		{D1E16477-4ED6-4A83-A64B-993E2B4F20EE}.Release|Any CPU.Build.0 = Release|Any CPU
	EndGlobalSection
	GlobalSection(SolutionProperties) = preSolution
		HideSolutionNode = FALSE
	EndGlobalSection
	GlobalSection(ExtensibilityGlobals) = postSolution
		SolutionGuid = {8311B606-FA86-4DF9-94C8-CF0AC183C2FC}
	EndGlobalSection
EndGlobal
